
Microsoft Visual Studio Solution File, Format Version 12.00
# Visual Studio Version 17
VisualStudioVersion = 17.11.35312.102
MinimumVisualStudioVersion = 10.0.40219.1
Project("{FAE04EC0-301F-11D3-BF4B-00C04F79EFBC}") = "CalculatingAreaOfShapes", "CalculatingAreaOfShapes.csproj", "{719D27CE-53E1-4FFC-888B-F0F1554AF490}"
EndProject
Global
	GlobalSection(SolutionConfigurationPlatforms) = preSolution
		Debug|Any CPU = Debug|Any CPU
		Release|Any CPU = Release|Any CPU
	EndGlobalSection
	GlobalSection(ProjectConfigurationPlatforms) = postSolution
		{719D27CE-53E1-4FFC-888B-F0F1554AF490}.Debug|Any CPU.ActiveCfg = Debug|Any CPU
		{719D27CE-53E1-4FFC-888B-F0F1554AF490}.Debug|Any CPU.Build.0 = Debug|Any CPU
		{719D27CE-53E1-4FFC-888B-F0F1554AF490}.Release|Any CPU.ActiveCfg = Release|Any CPU
		{719D27CE-53E1-4FFC-888B-F0F1554AF490}.Release|Any CPU.Build.0 = Release|Any CPU
	EndGlobalSection
	GlobalSection(SolutionProperties) = preSolution
		HideSolutionNode = FALSE
	EndGlobalSection
	GlobalSection(ExtensibilityGlobals) = postSolution
		SolutionGuid = {14931A6F-3C70-4390-B45F-E3A99F7630CD}
	EndGlobalSection
EndGlobal
